dependencies:
- name: kube-state-metrics
  repository: https://prometheus-community.github.io/helm-charts
  version: 5.27.0
- name: prometheus-node-exporter
  repository: https://prometheus-community.github.io/helm-charts
  version: 4.46.0
- name: prometheus-windows-exporter
  repository: https://prometheus-community.github.io/helm-charts
  version: 0.7.1
- name: kepler
  repository: https://sustainable-computing-io.github.io/kepler-helm-chart
  version: 0.5.12
- name: opencost
  repository: https://opencost.github.io/opencost-helm-chart
  version: 1.42.3
digest: sha256:a31d29df189a2eda96f44b0719638d1a2b07e34c7a1aacd0a8d02b89e31ab050
generated: "2025-05-19T00:28:25.567728612Z"
