dependencies:
- name: alloy
  repository: https://grafana.github.io/helm-charts
  version: 1.0.3
- name: alloy
  repository: https://grafana.github.io/helm-charts
  version: 1.0.3
- name: alloy
  repository: https://grafana.github.io/helm-charts
  version: 1.0.3
- name: alloy
  repository: https://grafana.github.io/helm-charts
  version: 1.0.3
- name: kube-state-metrics
  repository: https://prometheus-community.github.io/helm-charts
  version: 5.27.0
- name: prometheus-node-exporter
  repository: https://prometheus-community.github.io/helm-charts
  version: 4.42.0
- name: prometheus-operator-crds
  repository: https://prometheus-community.github.io/helm-charts
  version: 16.0.1
- name: prometheus-windows-exporter
  repository: https://prometheus-community.github.io/helm-charts
  version: 0.7.1
- name: opencost
  repository: https://opencost.github.io/opencost-helm-chart
  version: 1.42.3
- name: kepler
  repository: https://sustainable-computing-io.github.io/kepler-helm-chart
  version: 0.5.12
- name: beyla
  repository: https://grafana.github.io/helm-charts
  version: 1.5.0
digest: sha256:26bdcd38890319f8adb2c0143125fa07e81005794551c9e7650673c59a85a747
generated: "2025-05-19T00:29:13.850099198Z"
